
Microsoft Visual Studio Solution File, Format Version 12.00
# Visual Studio 15
Project("{FAE04EC0-301F-11D3-BF4B-00C04F79EFBC}") = "MyXamarinExample.Android", "MyXamarinExample.Android\MyXamarinExample.Android.csproj", "{33318234-A8DF-4D44-860A-748E6F370C27}"
EndProject
Project("{FAE04EC0-301F-11D3-BF4B-00C04F79EFBC}") = "MyXamarinExample.iOS", "MyXamarinExample.iOS\MyXamarinExample.iOS.csproj", "{DBAC173E-CCDE-445B-9F3E-4F8C3D3D1A5B}"
EndProject
Project("{FAE04EC0-301F-11D3-BF4B-00C04F79EFBC}") = "MyXamarinExample", "MyXamarinExample\MyXamarinExample.csproj", "{B6A2812A-DB6D-4946-AEB5-657A9C1CA7A6}"
EndProject
Global
	GlobalSection(SolutionConfigurationPlatforms) = preSolution
		Debug|Any CPU = Debug|Any CPU
		Release|Any CPU = Release|Any CPU
		Debug|iPhoneSimulator = Debug|iPhoneSimulator
		Release|iPhoneSimulator = Release|iPhoneSimulator
		Debug|iPhone = Debug|iPhone
		Release|iPhone = Release|iPhone
	EndGlobalSection
	GlobalSection(ProjectConfigurationPlatforms) = postSolution
		{33318234-A8DF-4D44-860A-748E6F370C27}.Debug|Any CPU.ActiveCfg = Debug|Any CPU
		{33318234-A8DF-4D44-860A-748E6F370C27}.Debug|Any CPU.Build.0 = Debug|Any CPU
		{33318234-A8DF-4D44-860A-748E6F370C27}.Release|Any CPU.ActiveCfg = Release|Any CPU
		{33318234-A8DF-4D44-860A-748E6F370C27}.Release|Any CPU.Build.0 = Release|Any CPU
		{33318234-A8DF-4D44-860A-748E6F370C27}.Debug|iPhoneSimulator.ActiveCfg = Debug|Any CPU
		{33318234-A8DF-4D44-860A-748E6F370C27}.Debug|iPhoneSimulator.Build.0 = Debug|Any CPU
		{33318234-A8DF-4D44-860A-748E6F370C27}.Release|iPhoneSimulator.ActiveCfg = Release|Any CPU
		{33318234-A8DF-4D44-860A-748E6F370C27}.Release|iPhoneSimulator.Build.0 = Release|Any CPU
		{33318234-A8DF-4D44-860A-748E6F370C27}.Debug|iPhone.ActiveCfg = Debug|Any CPU
		{33318234-A8DF-4D44-860A-748E6F370C27}.Debug|iPhone.Build.0 = Debug|Any CPU
		{33318234-A8DF-4D44-860A-748E6F370C27}.Release|iPhone.ActiveCfg = Release|Any CPU
		{33318234-A8DF-4D44-860A-748E6F370C27}.Release|iPhone.Build.0 = Release|Any CPU
		{DBAC173E-CCDE-445B-9F3E-4F8C3D3D1A5B}.Debug|Any CPU.ActiveCfg = Debug|iPhoneSimulator
		{DBAC173E-CCDE-445B-9F3E-4F8C3D3D1A5B}.Debug|Any CPU.Build.0 = Debug|iPhoneSimulator
		{DBAC173E-CCDE-445B-9F3E-4F8C3D3D1A5B}.Release|Any CPU.ActiveCfg = Release|iPhoneSimulator
		{DBAC173E-CCDE-445B-9F3E-4F8C3D3D1A5B}.Release|Any CPU.Build.0 = Release|iPhoneSimulator
		{DBAC173E-CCDE-445B-9F3E-4F8C3D3D1A5B}.Debug|iPhoneSimulator.ActiveCfg = Debug|iPhoneSimulator
		{DBAC173E-CCDE-445B-9F3E-4F8C3D3D1A5B}.Debug|iPhoneSimulator.Build.0 = Debug|iPhoneSimulator
		{DBAC173E-CCDE-445B-9F3E-4F8C3D3D1A5B}.Release|iPhoneSimulator.ActiveCfg = Release|iPhoneSimulator
		{DBAC173E-CCDE-445B-9F3E-4F8C3D3D1A5B}.Release|iPhoneSimulator.Build.0 = Release|iPhoneSimulator
		{DBAC173E-CCDE-445B-9F3E-4F8C3D3D1A5B}.Debug|iPhone.ActiveCfg = Debug|iPhone
		{DBAC173E-CCDE-445B-9F3E-4F8C3D3D1A5B}.Debug|iPhone.Build.0 = Debug|iPhone
		{DBAC173E-CCDE-445B-9F3E-4F8C3D3D1A5B}.Release|iPhone.ActiveCfg = Release|iPhone
		{DBAC173E-CCDE-445B-9F3E-4F8C3D3D1A5B}.Release|iPhone.Build.0 = Release|iPhone
		{B6A2812A-DB6D-4946-AEB5-657A9C1CA7A6}.Debug|Any CPU.ActiveCfg = Debug|Any CPU
		{B6A2812A-DB6D-4946-AEB5-657A9C1CA7A6}.Debug|Any CPU.Build.0 = Debug|Any CPU
		{B6A2812A-DB6D-4946-AEB5-657A9C1CA7A6}.Release|Any CPU.ActiveCfg = Release|Any CPU
		{B6A2812A-DB6D-4946-AEB5-657A9C1CA7A6}.Release|Any CPU.Build.0 = Release|Any CPU
		{B6A2812A-DB6D-4946-AEB5-657A9C1CA7A6}.Debug|iPhoneSimulator.ActiveCfg = Debug|Any CPU
		{B6A2812A-DB6D-4946-AEB5-657A9C1CA7A6}.Debug|iPhoneSimulator.Build.0 = Debug|Any CPU
		{B6A2812A-DB6D-4946-AEB5-657A9C1CA7A6}.Release|iPhoneSimulator.ActiveCfg = Release|Any CPU
		{B6A2812A-DB6D-4946-AEB5-657A9C1CA7A6}.Release|iPhoneSimulator.Build.0 = Release|Any CPU
		{B6A2812A-DB6D-4946-AEB5-657A9C1CA7A6}.Debug|iPhone.ActiveCfg = Debug|Any CPU
		{B6A2812A-DB6D-4946-AEB5-657A9C1CA7A6}.Debug|iPhone.Build.0 = Debug|Any CPU
		{B6A2812A-DB6D-4946-AEB5-657A9C1CA7A6}.Release|iPhone.ActiveCfg = Release|Any CPU
		{B6A2812A-DB6D-4946-AEB5-657A9C1CA7A6}.Release|iPhone.Build.0 = Release|Any CPU
	EndGlobalSection
EndGlobal
